<?xml version="1.0" encoding="utf-8"?>
<Project ToolsVersion="4.0" xmlns="http://schemas.microsoft.com/developer/msbuild/2003">
  <ItemGroup>
    <Filter Include="Исходные файлы">
      <UniqueIdentifier>{4FC737F1-C7A5-4376-A066-2A32D752A2FF}</UniqueIdentifier>
      <Extensions>cpp;c;cc;cxx;def;odl;idl;hpj;bat;asm;asmx</Extensions>
    </Filter>
    <Filter Include="Файлы заголовков">
      <UniqueIdentifier>{93995380-89BD-4b04-88EB-625FBE52EBFB}</UniqueIdentifier>
      <Extensions>h;hh;hpp;hxx;hm;inl;inc;ipp;xsd</Extensions>
    </Filter>
    <Filter Include="Файлы ресурсов">
      <UniqueIdentifier>{67DA6AB6-F800-4c08-8B7A-83BB121AAD01}</UniqueIdentifier>
      <Extensions>rc;ico;cur;bmp;dlg;rc2;rct;bin;rgs;gif;jpg;jpeg;jpe;resx;tiff;tif;png;wav;mfcribbon-ms</Extensions>
    </Filter>
    <Filter Include="Исходные файлы\raknet">
      <UniqueIdentifier>{fe4467f3-df49-460f-83b6-85505507c9f1}</UniqueIdentifier>
    </Filter>
    <Filter Include="Исходные файлы\game">
      <UniqueIdentifier>{76fb4aca-147a-45d0-800e-c6fc675d06ee}</UniqueIdentifier>
    </Filter>
    <Filter Include="Исходные файлы\game\rw">
      <UniqueIdentifier>{a2a11d8b-dcbb-4ca6-8091-d498f7a840a1}</UniqueIdentifier>
    </Filter>
  </ItemGroup>
  <ItemGroup>
    <ClCompile Include="packet_handler.cpp">
      <Filter>Исходные файлы</Filter>
    </ClCompile>
    <ClCompile Include="raknet\BitStream.cpp">
      <Filter>Исходные файлы\raknet</Filter>
    </ClCompile>
    <ClCompile Include="raknet\PluginInterface.cpp">
      <Filter>Исходные файлы\raknet</Filter>
    </ClCompile>
    <ClCompile Include="main.cpp">
      <Filter>Исходные файлы</Filter>
    </ClCompile>
    <ClCompile Include="samp.cpp">
      <Filter>Исходные файлы</Filter>
    </ClCompile>
    <ClCompile Include="game\C3dMarker.cpp">
      <Filter>Исходные файлы\game</Filter>
    </ClCompile>
    <ClCompile Include="game\C3dMarkers.cpp">
      <Filter>Исходные файлы\game</Filter>
    </ClCompile>
    <ClCompile Include="game\CAEAudioEntity.cpp">
      <Filter>Исходные файлы\game</Filter>
    </ClCompile>
    <ClCompile Include="game\CAERadioTrackManager.cpp">
      <Filter>Исходные файлы\game</Filter>
    </ClCompile>
    <ClCompile Include="game\CAESound.cpp">
      <Filter>Исходные файлы\game</Filter>
    </ClCompile>
    <ClCompile Include="game\CAEWeaponAudioEntity.cpp">
      <Filter>Исходные файлы\game</Filter>
    </ClCompile>
    <ClCompile Include="game\CAEWeatherAudioEntity.cpp">
      <Filter>Исходные файлы\game</Filter>
    </ClCompile>
    <ClCompile Include="game\CAnimatedBuilding.cpp">
      <Filter>Исходные файлы\game</Filter>
    </ClCompile>
    <ClCompile Include="game\CAnimBlendAssocGroup.cpp">
      <Filter>Исходные файлы\game</Filter>
    </ClCompile>
    <ClCompile Include="game\CAnimBlendAssociation.cpp">
      <Filter>Исходные файлы\game</Filter>
    </ClCompile>
    <ClCompile Include="game\CAnimBlendHierarchy.cpp">
      <Filter>Исходные файлы\game</Filter>
    </ClCompile>
    <ClCompile Include="game\CAnimBlendNode.cpp">
      <Filter>Исходные файлы\game</Filter>
    </ClCompile>
    <ClCompile Include="game\CAnimBlendSequence.cpp">
      <Filter>Исходные файлы\game</Filter>
    </ClCompile>
    <ClCompile Include="game\CAnimBlendStaticAssociation.cpp">
      <Filter>Исходные файлы\game</Filter>
    </ClCompile>
    <ClCompile Include="game\CAnimManager.cpp">
      <Filter>Исходные файлы\game</Filter>
    </ClCompile>
    <ClCompile Include="game\CAtomicModelInfo.cpp">
      <Filter>Исходные файлы\game</Filter>
    </ClCompile>
    <ClCompile Include="game\CAutomobile.cpp">
      <Filter>Исходные файлы\game</Filter>
    </ClCompile>
    <ClCompile Include="game\CBaseModelInfo.cpp">
      <Filter>Исходные файлы\game</Filter>
    </ClCompile>
    <ClCompile Include="game\CBike.cpp">
      <Filter>Исходные файлы\game</Filter>
    </ClCompile>
    <ClCompile Include="game\CBirds.cpp">
      <Filter>Исходные файлы\game</Filter>
    </ClCompile>
    <ClCompile Include="game\CBmx.cpp">
      <Filter>Исходные файлы\game</Filter>
    </ClCompile>
    <ClCompile Include="game\CBoat.cpp">
      <Filter>Исходные файлы\game</Filter>
    </ClCompile>
    <ClCompile Include="game\CBouncingPanel.cpp">
      <Filter>Исходные файлы\game</Filter>
    </ClCompile>
    <ClCompile Include="game\CBoundingBox.cpp">
      <Filter>Исходные файлы\game</Filter>
    </ClCompile>
    <ClCompile Include="game\CBox.cpp">
      <Filter>Исходные файлы\game</Filter>
    </ClCompile>
    <ClCompile Include="game\CBrightLights.cpp">
      <Filter>Исходные файлы\game</Filter>
    </ClCompile>
    <ClCompile Include="game\CBuilding.cpp">
      <Filter>Исходные файлы\game</Filter>
    </ClCompile>
    <ClCompile Include="game\CBulletInfo.cpp">
      <Filter>Исходные файлы\game</Filter>
    </ClCompile>
    <ClCompile Include="game\CBulletTrace.cpp">
      <Filter>Исходные файлы\game</Filter>
    </ClCompile>
    <ClCompile Include="game\CBulletTraces.cpp">
      <Filter>Исходные файлы\game</Filter>
    </ClCompile>
    <ClCompile Include="game\CCamera.cpp">
      <Filter>Исходные файлы\game</Filter>
    </ClCompile>
    <ClCompile Include="game\CCarAI.cpp">
      <Filter>Исходные файлы\game</Filter>
    </ClCompile>
    <ClCompile Include="game\CCarCtrl.cpp">
      <Filter>Исходные файлы\game</Filter>
    </ClCompile>
    <ClCompile Include="game\CCarEnterExit.cpp">
      <Filter>Исходные файлы\game</Filter>
    </ClCompile>
    <ClCompile Include="game\CCarGenerator.cpp">
      <Filter>Исходные файлы\game</Filter>
    </ClCompile>
    <ClCompile Include="game\CCheat.cpp">
      <Filter>Исходные файлы\game</Filter>
    </ClCompile>
    <ClCompile Include="game\CCheckpoint.cpp">
      <Filter>Исходные файлы\game</Filter>
    </ClCompile>
    <ClCompile Include="game\CCheckpoints.cpp">
      <Filter>Исходные файлы\game</Filter>
    </ClCompile>
    <ClCompile Include="game\CCivilianPed.cpp">
      <Filter>Исходные файлы\game</Filter>
    </ClCompile>
    <ClCompile Include="game\CClock.cpp">
      <Filter>Исходные файлы\game</Filter>
    </ClCompile>
    <ClCompile Include="game\CClothes.cpp">
      <Filter>Исходные файлы\game</Filter>
    </ClCompile>
    <ClCompile Include="game\CClothesBuilder.cpp">
      <Filter>Исходные файлы\game</Filter>
    </ClCompile>
    <ClCompile Include="game\CClouds.cpp">
      <Filter>Исходные файлы\game</Filter>
    </ClCompile>
    <ClCompile Include="game\CClumpModelInfo.cpp">
      <Filter>Исходные файлы\game</Filter>
    </ClCompile>
    <ClCompile Include="game\CColBox.cpp">
      <Filter>Исходные файлы\game</Filter>
    </ClCompile>
    <ClCompile Include="game\CColDisk.cpp">
      <Filter>Исходные файлы\game</Filter>
    </ClCompile>
    <ClCompile Include="game\CColLine.cpp">
      <Filter>Исходные файлы\game</Filter>
    </ClCompile>
    <ClCompile Include="game\CCollision.cpp">
      <Filter>Исходные файлы\game</Filter>
    </ClCompile>
    <ClCompile Include="game\CCollisionData.cpp">
      <Filter>Исходные файлы\game</Filter>
    </ClCompile>
    <ClCompile Include="game\CColModel.cpp">
      <Filter>Исходные файлы\game</Filter>
    </ClCompile>
    <ClCompile Include="game\CColourSet.cpp">
      <Filter>Исходные файлы\game</Filter>
    </ClCompile>
    <ClCompile Include="game\CColPoint.cpp">
      <Filter>Исходные файлы\game</Filter>
    </ClCompile>
    <ClCompile Include="game\CColSphere.cpp">
      <Filter>Исходные файлы\game</Filter>
    </ClCompile>
    <ClCompile Include="game\CColTriangle.cpp">
      <Filter>Исходные файлы\game</Filter>
    </ClCompile>
    <ClCompile Include="game\CColTrianglePlane.cpp">
      <Filter>Исходные файлы\game</Filter>
    </ClCompile>
    <ClCompile Include="game\CControllerConfigManager.cpp">
      <Filter>Исходные файлы\game</Filter>
    </ClCompile>
    <ClCompile Include="game\CCopPed.cpp">
      <Filter>Исходные файлы\game</Filter>
    </ClCompile>
    <ClCompile Include="game\CCoronas.cpp">
      <Filter>Исходные файлы\game</Filter>
    </ClCompile>
    <ClCompile Include="game\CCredits.cpp">
      <Filter>Исходные файлы\game</Filter>
    </ClCompile>
    <ClCompile Include="game\CCreepingFire.cpp">
      <Filter>Исходные файлы\game</Filter>
    </ClCompile>
    <ClCompile Include="game\CCustomCarEnvMapPipeline.cpp">
      <Filter>Исходные файлы\game</Filter>
    </ClCompile>
    <ClCompile Include="game\CCustomCarPlateMgr.cpp">
      <Filter>Исходные файлы\game</Filter>
    </ClCompile>
    <ClCompile Include="game\CCutsceneMgr.cpp">
      <Filter>Исходные файлы\game</Filter>
    </ClCompile>
    <ClCompile Include="game\CCutsceneObject.cpp">
      <Filter>Исходные файлы\game</Filter>
    </ClCompile>
    <ClCompile Include="game\CDamageManager.cpp">
      <Filter>Исходные файлы\game</Filter>
    </ClCompile>
    <ClCompile Include="game\CDarkel.cpp">
      <Filter>Исходные файлы\game</Filter>
    </ClCompile>
    <ClCompile Include="game\CDecision.cpp">
      <Filter>Исходные файлы\game</Filter>
    </ClCompile>
    <ClCompile Include="game\CDecisionSimple.cpp">
      <Filter>Исходные файлы\game</Filter>
    </ClCompile>
    <ClCompile Include="game\CDirectory.cpp">
      <Filter>Исходные файлы\game</Filter>
    </ClCompile>
    <ClCompile Include="game\CDoor.cpp">
      <Filter>Исходные файлы\game</Filter>
    </ClCompile>
    <ClCompile Include="game\CDraw.cpp">
      <Filter>Исходные файлы\game</Filter>
    </ClCompile>
    <ClCompile Include="game\CDummy.cpp">
      <Filter>Исходные файлы\game</Filter>
    </ClCompile>
    <ClCompile Include="game\CDummyObject.cpp">
      <Filter>Исходные файлы\game</Filter>
    </ClCompile>
    <ClCompile Include="game\CDummyPed.cpp">
      <Filter>Исходные файлы\game</Filter>
    </ClCompile>
    <ClCompile Include="game\CEmergencyPed.cpp">
      <Filter>Исходные файлы\game</Filter>
    </ClCompile>
    <ClCompile Include="game\CEntity.cpp">
      <Filter>Исходные файлы\game</Filter>
    </ClCompile>
    <ClCompile Include="game\CEntryExit.cpp">
      <Filter>Исходные файлы\game</Filter>
    </ClCompile>
    <ClCompile Include="game\CEntryExitManager.cpp">
      <Filter>Исходные файлы\game</Filter>
    </ClCompile>
    <ClCompile Include="game\CExplosion.cpp">
      <Filter>Исходные файлы\game</Filter>
    </ClCompile>
    <ClCompile Include="game\CFileLoader.cpp">
      <Filter>Исходные файлы\game</Filter>
    </ClCompile>
    <ClCompile Include="game\CFileMgr.cpp">
      <Filter>Исходные файлы\game</Filter>
    </ClCompile>
    <ClCompile Include="game\CFire.cpp">
      <Filter>Исходные файлы\game</Filter>
    </ClCompile>
    <ClCompile Include="game\CFireManager.cpp">
      <Filter>Исходные файлы\game</Filter>
    </ClCompile>
    <ClCompile Include="game\CFont.cpp">
      <Filter>Исходные файлы\game</Filter>
    </ClCompile>
    <ClCompile Include="game\CGame.cpp">
      <Filter>Исходные файлы\game</Filter>
    </ClCompile>
    <ClCompile Include="game\CGamma.cpp">
      <Filter>Исходные файлы\game</Filter>
    </ClCompile>
    <ClCompile Include="game\CGarages.cpp">
      <Filter>Исходные файлы\game</Filter>
    </ClCompile>
    <ClCompile Include="game\CGeneral.cpp">
      <Filter>Исходные файлы\game</Filter>
    </ClCompile>
    <ClCompile Include="game\cHandlingDataMgr.cpp">
      <Filter>Исходные файлы\game</Filter>
    </ClCompile>
    <ClCompile Include="game\CHandObject.cpp">
      <Filter>Исходные файлы\game</Filter>
    </ClCompile>
    <ClCompile Include="game\CHeli.cpp">
      <Filter>Исходные файлы\game</Filter>
    </ClCompile>
    <ClCompile Include="game\CHud.cpp">
      <Filter>Исходные файлы\game</Filter>
    </ClCompile>
    <ClCompile Include="game\CHudColours.cpp">
      <Filter>Исходные файлы\game</Filter>
    </ClCompile>
    <ClCompile Include="game\CIniFile.cpp">
      <Filter>Исходные файлы\game</Filter>
    </ClCompile>
    <ClCompile Include="game\CIplStore.cpp">
      <Filter>Исходные файлы\game</Filter>
    </ClCompile>
    <ClCompile Include="game\CKeyGen.cpp">
      <Filter>Исходные файлы\game</Filter>
    </ClCompile>
    <ClCompile Include="game\CLoadedCarGroup.cpp">
      <Filter>Исходные файлы\game</Filter>
    </ClCompile>
    <ClCompile Include="game\CLoadingScreen.cpp">
      <Filter>Исходные файлы\game</Filter>
    </ClCompile>
    <ClCompile Include="game\CLocalisation.cpp">
      <Filter>Исходные файлы\game</Filter>
    </ClCompile>
    <ClCompile Include="game\CMatrix.cpp">
      <Filter>Исходные файлы\game</Filter>
    </ClCompile>
    <ClCompile Include="game\CMatrixLink.cpp">
      <Filter>Исходные файлы\game</Filter>
    </ClCompile>
    <ClCompile Include="game\CMenuManager.cpp">
      <Filter>Исходные файлы\game</Filter>
    </ClCompile>
    <ClCompile Include="game\CMenuSystem.cpp">
      <Filter>Исходные файлы\game</Filter>
    </ClCompile>
    <ClCompile Include="game\CMessages.cpp">
      <Filter>Исходные файлы\game</Filter>
    </ClCompile>
    <ClCompile Include="game\CMirrors.cpp">
      <Filter>Исходные файлы\game</Filter>
    </ClCompile>
    <ClCompile Include="game\CMissionCleanup.cpp">
      <Filter>Исходные файлы\game</Filter>
    </ClCompile>
    <ClCompile Include="game\CModelInfo.cpp">
      <Filter>Исходные файлы\game</Filter>
    </ClCompile>
    <ClCompile Include="game\CModelInfoAccelerator.cpp">
      <Filter>Исходные файлы\game</Filter>
    </ClCompile>
    <ClCompile Include="game\CMonsterTruck.cpp">
      <Filter>Исходные файлы\game</Filter>
    </ClCompile>
    <ClCompile Include="game\CMotionBlurStreaks.cpp">
      <Filter>Исходные файлы\game</Filter>
    </ClCompile>
    <ClCompile Include="game\CObject.cpp">
      <Filter>Исходные файлы\game</Filter>
    </ClCompile>
    <ClCompile Include="game\COctTree.cpp">
      <Filter>Исходные файлы\game</Filter>
    </ClCompile>
    <ClCompile Include="game\COctTreeBase.cpp">
      <Filter>Исходные файлы\game</Filter>
    </ClCompile>
    <ClCompile Include="game\common.cpp">
      <Filter>Исходные файлы\game</Filter>
    </ClCompile>
    <ClCompile Include="game\CompressedVector.cpp">
      <Filter>Исходные файлы\game</Filter>
    </ClCompile>
    <ClCompile Include="game\CPad.cpp">
      <Filter>Исходные файлы\game</Filter>
    </ClCompile>
    <ClCompile Include="game\CPathFind.cpp">
      <Filter>Исходные файлы\game</Filter>
    </ClCompile>
    <ClCompile Include="game\CPed.cpp">
      <Filter>Исходные файлы\game</Filter>
    </ClCompile>
    <ClCompile Include="game\CPedClothesDesc.cpp">
      <Filter>Исходные файлы\game</Filter>
    </ClCompile>
    <ClCompile Include="game\CPedIK.cpp">
      <Filter>Исходные файлы\game</Filter>
    </ClCompile>
    <ClCompile Include="game\CPedIntelligence.cpp">
      <Filter>Исходные файлы\game</Filter>
    </ClCompile>
    <ClCompile Include="game\CPedModelInfo.cpp">
      <Filter>Исходные файлы\game</Filter>
    </ClCompile>
    <ClCompile Include="game\CPhysical.cpp">
      <Filter>Исходные файлы\game</Filter>
    </ClCompile>
    <ClCompile Include="game\CPickup.cpp">
      <Filter>Исходные файлы\game</Filter>
    </ClCompile>
    <ClCompile Include="game\CPickups.cpp">
      <Filter>Исходные файлы\game</Filter>
    </ClCompile>
    <ClCompile Include="game\CPlaceable.cpp">
      <Filter>Исходные файлы\game</Filter>
    </ClCompile>
    <ClCompile Include="game\CPlane.cpp">
      <Filter>Исходные файлы\game</Filter>
    </ClCompile>
    <ClCompile Include="game\CPlaneTrail.cpp">
      <Filter>Исходные файлы\game</Filter>
    </ClCompile>
    <ClCompile Include="game\CPlaneTrails.cpp">
      <Filter>Исходные файлы\game</Filter>
    </ClCompile>
    <ClCompile Include="game\CPlayerPed.cpp">
      <Filter>Исходные файлы\game</Filter>
    </ClCompile>
    <ClCompile Include="game\CPointLights.cpp">
      <Filter>Исходные файлы\game</Filter>
    </ClCompile>
    <ClCompile Include="game\CPolyBunch.cpp">
      <Filter>Исходные файлы\game</Filter>
    </ClCompile>
    <ClCompile Include="game\CPools.cpp">
      <Filter>Исходные файлы\game</Filter>
    </ClCompile>
    <ClCompile Include="game\CPopCycle.cpp">
      <Filter>Исходные файлы\game</Filter>
    </ClCompile>
    <ClCompile Include="game\CPopulation.cpp">
      <Filter>Исходные файлы\game</Filter>
    </ClCompile>
    <ClCompile Include="game\CProjectile.cpp">
      <Filter>Исходные файлы\game</Filter>
    </ClCompile>
    <ClCompile Include="game\CProjectileInfo.cpp">
      <Filter>Исходные файлы\game</Filter>
    </ClCompile>
    <ClCompile Include="game\CPtrList.cpp">
      <Filter>Исходные файлы\game</Filter>
    </ClCompile>
    <ClCompile Include="game\CPtrListDoubleLink.cpp">
      <Filter>Исходные файлы\game</Filter>
    </ClCompile>
    <ClCompile Include="game\CPtrListSingleLink.cpp">
      <Filter>Исходные файлы\game</Filter>
    </ClCompile>
    <ClCompile Include="game\CPtrNodeDoubleLink.cpp">
      <Filter>Исходные файлы\game</Filter>
    </ClCompile>
    <ClCompile Include="game\CPtrNodeSingleLink.cpp">
      <Filter>Исходные файлы\game</Filter>
    </ClCompile>
    <ClCompile Include="game\CQuadBike.cpp">
      <Filter>Исходные файлы\game</Filter>
    </ClCompile>
    <ClCompile Include="game\CQuadTreeNode.cpp">
      <Filter>Исходные файлы\game</Filter>
    </ClCompile>
    <ClCompile Include="game\CQuaternion.cpp">
      <Filter>Исходные файлы\game</Filter>
    </ClCompile>
    <ClCompile Include="game\CRadar.cpp">
      <Filter>Исходные файлы\game</Filter>
    </ClCompile>
    <ClCompile Include="game\CRealTimeShadow.cpp">
      <Filter>Исходные файлы\game</Filter>
    </ClCompile>
    <ClCompile Include="game\CRect.cpp">
      <Filter>Исходные файлы\game</Filter>
    </ClCompile>
    <ClCompile Include="game\CReferences.cpp">
      <Filter>Исходные файлы\game</Filter>
    </ClCompile>
    <ClCompile Include="game\CRegisteredCorona.cpp">
      <Filter>Исходные файлы\game</Filter>
    </ClCompile>
    <ClCompile Include="game\CRegisteredMotionBlurStreak.cpp">
      <Filter>Исходные файлы\game</Filter>
    </ClCompile>
    <ClCompile Include="game\CRenderer.cpp">
      <Filter>Исходные файлы\game</Filter>
    </ClCompile>
    <ClCompile Include="game\CRestart.cpp">
      <Filter>Исходные файлы\game</Filter>
    </ClCompile>
    <ClCompile Include="game\CRGBA.cpp">
      <Filter>Исходные файлы\game</Filter>
    </ClCompile>
    <ClCompile Include="game\CRope.cpp">
      <Filter>Исходные файлы\game</Filter>
    </ClCompile>
    <ClCompile Include="game\CRopes.cpp">
      <Filter>Исходные файлы\game</Filter>
    </ClCompile>
    <ClCompile Include="game\CRunningScript.cpp">
      <Filter>Исходные файлы\game</Filter>
    </ClCompile>
    <ClCompile Include="game\CScene.cpp">
      <Filter>Исходные файлы\game</Filter>
    </ClCompile>
    <ClCompile Include="game\CSetPiece.cpp">
      <Filter>Исходные файлы\game</Filter>
    </ClCompile>
    <ClCompile Include="game\CSetPieces.cpp">
      <Filter>Исходные файлы\game</Filter>
    </ClCompile>
    <ClCompile Include="game\CShadowCamera.cpp">
      <Filter>Исходные файлы\game</Filter>
    </ClCompile>
    <ClCompile Include="game\CShadows.cpp">
      <Filter>Исходные файлы\game</Filter>
    </ClCompile>
    <ClCompile Include="game\CShinyTexts.cpp">
      <Filter>Исходные файлы\game</Filter>
    </ClCompile>
    <ClCompile Include="game\CShotInfo.cpp">
      <Filter>Исходные файлы\game</Filter>
    </ClCompile>
    <ClCompile Include="game\CSimpleTransform.cpp">
      <Filter>Исходные файлы\game</Filter>
    </ClCompile>
    <ClCompile Include="game\CSpecialFX.cpp">
      <Filter>Исходные файлы\game</Filter>
    </ClCompile>
    <ClCompile Include="game\CSpecialPlateHandler.cpp">
      <Filter>Исходные файлы\game</Filter>
    </ClCompile>
    <ClCompile Include="game\CSphere.cpp">
      <Filter>Исходные файлы\game</Filter>
    </ClCompile>
    <ClCompile Include="game\CSprite.cpp">
      <Filter>Исходные файлы\game</Filter>
    </ClCompile>
    <ClCompile Include="game\CSprite2d.cpp">
      <Filter>Исходные файлы\game</Filter>
    </ClCompile>
    <ClCompile Include="game\CStats.cpp">
      <Filter>Исходные файлы\game</Filter>
    </ClCompile>
    <ClCompile Include="game\CStreaming.cpp">
      <Filter>Исходные файлы\game</Filter>
    </ClCompile>
    <ClCompile Include="game\CStreamingInfo.cpp">
      <Filter>Исходные файлы\game</Filter>
    </ClCompile>
    <ClCompile Include="game\CTask.cpp">
      <Filter>Исходные файлы\game</Filter>
    </ClCompile>
    <ClCompile Include="game\CTaskComplex.cpp">
      <Filter>Исходные файлы\game</Filter>
    </ClCompile>
    <ClCompile Include="game\CTaskComplexCopInCar.cpp">
      <Filter>Исходные файлы\game</Filter>
    </ClCompile>
    <ClCompile Include="game\CTaskComplexDie.cpp">
      <Filter>Исходные файлы\game</Filter>
    </ClCompile>
    <ClCompile Include="game\CTaskComplexEnterBoatAsDriver.cpp">
      <Filter>Исходные файлы\game</Filter>
    </ClCompile>
    <ClCompile Include="game\CTaskComplexEnterCar.cpp">
      <Filter>Исходные файлы\game</Filter>
    </ClCompile>
    <ClCompile Include="game\CTaskComplexEnterCarAsDriver.cpp">
      <Filter>Исходные файлы\game</Filter>
    </ClCompile>
    <ClCompile Include="game\CTaskComplexEnterCarAsPassenger.cpp">
      <Filter>Исходные файлы\game</Filter>
    </ClCompile>
    <ClCompile Include="game\CTaskComplexFacial.cpp">
      <Filter>Исходные файлы\game</Filter>
    </ClCompile>
    <ClCompile Include="game\CTaskComplexKillPedFromBoat.cpp">
      <Filter>Исходные файлы\game</Filter>
    </ClCompile>
    <ClCompile Include="game\CTaskComplexKillPedOnFoot.cpp">
      <Filter>Исходные файлы\game</Filter>
    </ClCompile>
    <ClCompile Include="game\CTaskComplexLeaveCar.cpp">
      <Filter>Исходные файлы\game</Filter>
    </ClCompile>
    <ClCompile Include="game\CTaskComplexPlayHandSignalAnim.cpp">
      <Filter>Исходные файлы\game</Filter>
    </ClCompile>
    <ClCompile Include="game\CTaskComplexProstituteSolicit.cpp">
      <Filter>Исходные файлы\game</Filter>
    </ClCompile>
    <ClCompile Include="game\CTaskComplexSunbathe.cpp">
      <Filter>Исходные файлы\game</Filter>
    </ClCompile>
    <ClCompile Include="game\CTaskComplexUseMobilePhone.cpp">
      <Filter>Исходные файлы\game</Filter>
    </ClCompile>
    <ClCompile Include="game\CTaskComplexWander.cpp">
      <Filter>Исходные файлы\game</Filter>
    </ClCompile>
    <ClCompile Include="game\CTaskComplexWanderStandard.cpp">
      <Filter>Исходные файлы\game</Filter>
    </ClCompile>
    <ClCompile Include="game\CTaskManager.cpp">
      <Filter>Исходные файлы\game</Filter>
    </ClCompile>
    <ClCompile Include="game\CTaskSimple.cpp">
      <Filter>Исходные файлы\game</Filter>
    </ClCompile>
    <ClCompile Include="game\CTaskSimpleAnim.cpp">
      <Filter>Исходные файлы\game</Filter>
    </ClCompile>
    <ClCompile Include="game\CTaskSimpleCarSetPedInAsDriver.cpp">
      <Filter>Исходные файлы\game</Filter>
    </ClCompile>
    <ClCompile Include="game\CTaskSimpleCarSetPedInAsPassenger.cpp">
      <Filter>Исходные файлы\game</Filter>
    </ClCompile>
    <ClCompile Include="game\CTaskSimpleCarSetPedOut.cpp">
      <Filter>Исходные файлы\game</Filter>
    </ClCompile>
    <ClCompile Include="game\CTaskSimpleChoking.cpp">
      <Filter>Исходные файлы\game</Filter>
    </ClCompile>
    <ClCompile Include="game\CTaskSimpleClimb.cpp">
      <Filter>Исходные файлы\game</Filter>
    </ClCompile>
    <ClCompile Include="game\CTaskSimpleDuck.cpp">
      <Filter>Исходные файлы\game</Filter>
    </ClCompile>
    <ClCompile Include="game\CTaskSimpleFacial.cpp">
      <Filter>Исходные файлы\game</Filter>
    </ClCompile>
    <ClCompile Include="game\CTaskSimpleFight.cpp">
      <Filter>Исходные файлы\game</Filter>
    </ClCompile>
    <ClCompile Include="game\CTaskSimpleGangDriveBy.cpp">
      <Filter>Исходные файлы\game</Filter>
    </ClCompile>
    <ClCompile Include="game\CTaskSimpleHoldEntity.cpp">
      <Filter>Исходные файлы\game</Filter>
    </ClCompile>
    <ClCompile Include="game\CTaskSimpleIKChain.cpp">
      <Filter>Исходные файлы\game</Filter>
    </ClCompile>
    <ClCompile Include="game\CTaskSimpleIKLookAt.cpp">
      <Filter>Исходные файлы\game</Filter>
    </ClCompile>
    <ClCompile Include="game\CTaskSimpleIKManager.cpp">
      <Filter>Исходные файлы\game</Filter>
    </ClCompile>
    <ClCompile Include="game\CTaskSimpleInAir.cpp">
      <Filter>Исходные файлы\game</Filter>
    </ClCompile>
    <ClCompile Include="game\CTaskSimpleJetPack.cpp">
      <Filter>Исходные файлы\game</Filter>
    </ClCompile>
    <ClCompile Include="game\CTaskSimplePlayerOnFoot.cpp">
      <Filter>Исходные файлы\game</Filter>
    </ClCompile>
    <ClCompile Include="game\CTaskSimpleRunAnim.cpp">
      <Filter>Исходные файлы\game</Filter>
    </ClCompile>
    <ClCompile Include="game\CTaskSimpleRunNamedAnim.cpp">
      <Filter>Исходные файлы\game</Filter>
    </ClCompile>
    <ClCompile Include="game\CTaskSimpleStandStill.cpp">
      <Filter>Исходные файлы\game</Filter>
    </ClCompile>
    <ClCompile Include="game\CTaskSimpleStealthKill.cpp">
      <Filter>Исходные файлы\game</Filter>
    </ClCompile>
    <ClCompile Include="game\CTaskSimpleSwim.cpp">
      <Filter>Исходные файлы\game</Filter>
    </ClCompile>
    <ClCompile Include="game\CTaskSimpleThrowProjectile.cpp">
      <Filter>Исходные файлы\game</Filter>
    </ClCompile>
    <ClCompile Include="game\CTaskSimpleTriggerLookAt.cpp">
      <Filter>Исходные файлы\game</Filter>
    </ClCompile>
    <ClCompile Include="game\CTaskSimpleUseGun.cpp">
      <Filter>Исходные файлы\game</Filter>
    </ClCompile>
    <ClCompile Include="game\CTaskTimer.cpp">
      <Filter>Исходные файлы\game</Filter>
    </ClCompile>
    <ClCompile Include="game\CTaskUtilityLineUpPedWithCar.cpp">
      <Filter>Исходные файлы\game</Filter>
    </ClCompile>
    <ClCompile Include="game\CText.cpp">
      <Filter>Исходные файлы\game</Filter>
    </ClCompile>
    <ClCompile Include="game\CTheCarGenerators.cpp">
      <Filter>Исходные файлы\game</Filter>
    </ClCompile>
    <ClCompile Include="game\CTheScripts.cpp">
      <Filter>Исходные файлы\game</Filter>
    </ClCompile>
    <ClCompile Include="game\CTheZones.cpp">
      <Filter>Исходные файлы\game</Filter>
    </ClCompile>
    <ClCompile Include="game\CTimeCycle.cpp">
      <Filter>Исходные файлы\game</Filter>
    </ClCompile>
    <ClCompile Include="game\CTimeModelInfo.cpp">
      <Filter>Исходные файлы\game</Filter>
    </ClCompile>
    <ClCompile Include="game\CTimer.cpp">
      <Filter>Исходные файлы\game</Filter>
    </ClCompile>
    <ClCompile Include="game\CTrailer.cpp">
      <Filter>Исходные файлы\game</Filter>
    </ClCompile>
    <ClCompile Include="game\CTrain.cpp">
      <Filter>Исходные файлы\game</Filter>
    </ClCompile>
    <ClCompile Include="game\CTrainNode.cpp">
      <Filter>Исходные файлы\game</Filter>
    </ClCompile>
    <ClCompile Include="game\cTransmission.cpp">
      <Filter>Исходные файлы\game</Filter>
    </ClCompile>
    <ClCompile Include="game\CTxdStore.cpp">
      <Filter>Исходные файлы\game</Filter>
    </ClCompile>
    <ClCompile Include="game\CUserDisplay.cpp">
      <Filter>Исходные файлы\game</Filter>
    </ClCompile>
    <ClCompile Include="game\CVector.cpp">
      <Filter>Исходные файлы\game</Filter>
    </ClCompile>
    <ClCompile Include="game\CVector2D.cpp">
      <Filter>Исходные файлы\game</Filter>
    </ClCompile>
    <ClCompile Include="game\CVehicle.cpp">
      <Filter>Исходные файлы\game</Filter>
    </ClCompile>
    <ClCompile Include="game\CVehicleModelInfo.cpp">
      <Filter>Исходные файлы\game</Filter>
    </ClCompile>
    <ClCompile Include="game\CVisibilityPlugins.cpp">
      <Filter>Исходные файлы\game</Filter>
    </ClCompile>
    <ClCompile Include="game\CWanted.cpp">
      <Filter>Исходные файлы\game</Filter>
    </ClCompile>
    <ClCompile Include="game\CWeapon.cpp">
      <Filter>Исходные файлы\game</Filter>
    </ClCompile>
    <ClCompile Include="game\CWeaponEffects.cpp">
      <Filter>Исходные файлы\game</Filter>
    </ClCompile>
    <ClCompile Include="game\CWeaponInfo.cpp">
      <Filter>Исходные файлы\game</Filter>
    </ClCompile>
    <ClCompile Include="game\CWeaponModelInfo.cpp">
      <Filter>Исходные файлы\game</Filter>
    </ClCompile>
    <ClCompile Include="game\CWeather.cpp">
      <Filter>Исходные файлы\game</Filter>
    </ClCompile>
    <ClCompile Include="game\CWorld.cpp">
      <Filter>Исходные файлы\game</Filter>
    </ClCompile>
    <ClCompile Include="game\CZone.cpp">
      <Filter>Исходные файлы\game</Filter>
    </ClCompile>
    <ClCompile Include="game\D3DIndexDataBuffer.cpp">
      <Filter>Исходные файлы\game</Filter>
    </ClCompile>
    <ClCompile Include="game\D3DResourceSystem.cpp">
      <Filter>Исходные файлы\game</Filter>
    </ClCompile>
    <ClCompile Include="game\D3DTextureBuffer.cpp">
      <Filter>Исходные файлы\game</Filter>
    </ClCompile>
    <ClCompile Include="game\Fx_c.cpp">
      <Filter>Исходные файлы\game</Filter>
    </ClCompile>
    <ClCompile Include="game\FxBox_c.cpp">
      <Filter>Исходные файлы\game</Filter>
    </ClCompile>
    <ClCompile Include="game\FxFrustumInfo_c.cpp">
      <Filter>Исходные файлы\game</Filter>
    </ClCompile>
    <ClCompile Include="game\FxManager_c.cpp">
      <Filter>Исходные файлы\game</Filter>
    </ClCompile>
    <ClCompile Include="game\FxMemoryPool_c.cpp">
      <Filter>Исходные файлы\game</Filter>
    </ClCompile>
    <ClCompile Include="game\FxPlane_c.cpp">
      <Filter>Исходные файлы\game</Filter>
    </ClCompile>
    <ClCompile Include="game\FxPrtMult_c.cpp">
      <Filter>Исходные файлы\game</Filter>
    </ClCompile>
    <ClCompile Include="game\FxSphere_c.cpp">
      <Filter>Исходные файлы\game</Filter>
    </ClCompile>
    <ClCompile Include="game\FxSystem_c.cpp">
      <Filter>Исходные файлы\game</Filter>
    </ClCompile>
    <ClCompile Include="game\FxSystemBP_c.cpp">
      <Filter>Исходные файлы\game</Filter>
    </ClCompile>
    <ClCompile Include="game\JPegCompress.cpp">
      <Filter>Исходные файлы\game</Filter>
    </ClCompile>
    <ClCompile Include="game\List_c.cpp">
      <Filter>Исходные файлы\game</Filter>
    </ClCompile>
    <ClCompile Include="game\ListItem_c.cpp">
      <Filter>Исходные файлы\game</Filter>
    </ClCompile>
    <ClCompile Include="game\NodeName.cpp">
      <Filter>Исходные файлы\game</Filter>
    </ClCompile>
    <ClCompile Include="game\PipelinePlugin.cpp">
      <Filter>Исходные файлы\game</Filter>
    </ClCompile>
    <ClCompile Include="game\RenderWare.cpp">
      <Filter>Исходные файлы\game</Filter>
    </ClCompile>
    <ClCompile Include="game\TxdDef.cpp">
      <Filter>Исходные файлы\game</Filter>
    </ClCompile>
    <ClCompile Include="raknet\RakHook.cpp">
      <Filter>Исходные файлы\raknet</Filter>
    </ClCompile>
  </ItemGroup>
  <ItemGroup>
    <ClInclude Include="packet_handler.h">
      <Filter>Исходные файлы</Filter>
    </ClInclude>
    <ClInclude Include="raknet\BitStream.h">
      <Filter>Исходные файлы\raknet</Filter>
    </ClInclude>
    <ClInclude Include="raknet\NetworkTypes.h">
      <Filter>Исходные файлы\raknet</Filter>
    </ClInclude>
    <ClInclude Include="raknet\PacketEnumerations.h">
      <Filter>Исходные файлы\raknet</Filter>
    </ClInclude>
    <ClInclude Include="raknet\PluginInterface.h">
      <Filter>Исходные файлы\raknet</Filter>
    </ClInclude>
    <ClInclude Include="raknet\RakClient.h">
      <Filter>Исходные файлы\raknet</Filter>
    </ClInclude>
    <ClInclude Include="main.h">
      <Filter>Исходные файлы</Filter>
    </ClInclude>
    <ClInclude Include="samp.h">
      <Filter>Исходные файлы</Filter>
    </ClInclude>
    <ClInclude Include="modules.h">
      <Filter>Исходные файлы</Filter>
    </ClInclude>
    <ClInclude Include="game\AnimBlendFrameData.h">
      <Filter>Исходные файлы\game</Filter>
    </ClInclude>
    <ClInclude Include="game\C2dEffect.h">
      <Filter>Исходные файлы\game</Filter>
    </ClInclude>
    <ClInclude Include="game\C3dMarker.h">
      <Filter>Исходные файлы\game</Filter>
    </ClInclude>
    <ClInclude Include="game\C3dMarkers.h">
      <Filter>Исходные файлы\game</Filter>
    </ClInclude>
    <ClInclude Include="game\CAEAudioEntity.h">
      <Filter>Исходные файлы\game</Filter>
    </ClInclude>
    <ClInclude Include="game\CAEExplosionAudioEntity.h">
      <Filter>Исходные файлы\game</Filter>
    </ClInclude>
    <ClInclude Include="game\CAEFireAudioEntity.h">
      <Filter>Исходные файлы\game</Filter>
    </ClInclude>
    <ClInclude Include="game\CAEPedAudioEntity.h">
      <Filter>Исходные файлы\game</Filter>
    </ClInclude>
    <ClInclude Include="game\CAEPedSpeechAudioEntity.h">
      <Filter>Исходные файлы\game</Filter>
    </ClInclude>
    <ClInclude Include="game\CAEPoliceScannerAudioEntity.h">
      <Filter>Исходные файлы\game</Filter>
    </ClInclude>
    <ClInclude Include="game\CAERadioTrackManager.h">
      <Filter>Исходные файлы\game</Filter>
    </ClInclude>
    <ClInclude Include="game\CAESound.h">
      <Filter>Исходные файлы\game</Filter>
    </ClInclude>
    <ClInclude Include="game\CAETwinLoopSoundEntity.h">
      <Filter>Исходные файлы\game</Filter>
    </ClInclude>
    <ClInclude Include="game\CAEVehicleAudioEntity.h">
      <Filter>Исходные файлы\game</Filter>
    </ClInclude>
    <ClInclude Include="game\CAEWeaponAudioEntity.h">
      <Filter>Исходные файлы\game</Filter>
    </ClInclude>
    <ClInclude Include="game\CAEWeatherAudioEntity.h">
      <Filter>Исходные файлы\game</Filter>
    </ClInclude>
    <ClInclude Include="game\CAnimatedBuilding.h">
      <Filter>Исходные файлы\game</Filter>
    </ClInclude>
    <ClInclude Include="game\CAnimationStyleDescriptor.h">
      <Filter>Исходные файлы\game</Filter>
    </ClInclude>
    <ClInclude Include="game\CAnimBlendAssocGroup.h">
      <Filter>Исходные файлы\game</Filter>
    </ClInclude>
    <ClInclude Include="game\CAnimBlendAssociation.h">
      <Filter>Исходные файлы\game</Filter>
    </ClInclude>
    <ClInclude Include="game\CAnimBlendClumpData.h">
      <Filter>Исходные файлы\game</Filter>
    </ClInclude>
    <ClInclude Include="game\CAnimBlendHierarchy.h">
      <Filter>Исходные файлы\game</Filter>
    </ClInclude>
    <ClInclude Include="game\CAnimBlendNode.h">
      <Filter>Исходные файлы\game</Filter>
    </ClInclude>
    <ClInclude Include="game\CAnimBlendSequence.h">
      <Filter>Исходные файлы\game</Filter>
    </ClInclude>
    <ClInclude Include="game\CAnimBlendStaticAssociation.h">
      <Filter>Исходные файлы\game</Filter>
    </ClInclude>
    <ClInclude Include="game\CAnimBlock.h">
      <Filter>Исходные файлы\game</Filter>
    </ClInclude>
    <ClInclude Include="game\CAnimManager.h">
      <Filter>Исходные файлы\game</Filter>
    </ClInclude>
    <ClInclude Include="game\CAtomicModelInfo.h">
      <Filter>Исходные файлы\game</Filter>
    </ClInclude>
    <ClInclude Include="game\CAttractorScanner.h">
      <Filter>Исходные файлы\game</Filter>
    </ClInclude>
    <ClInclude Include="game\CAutomobile.h">
      <Filter>Исходные файлы\game</Filter>
    </ClInclude>
    <ClInclude Include="game\CAutoPilot.h">
      <Filter>Исходные файлы\game</Filter>
    </ClInclude>
    <ClInclude Include="game\CBaseModelInfo.h">
      <Filter>Исходные файлы\game</Filter>
    </ClInclude>
    <ClInclude Include="game\CBike.h">
      <Filter>Исходные файлы\game</Filter>
    </ClInclude>
    <ClInclude Include="game\CBirds.h">
      <Filter>Исходные файлы\game</Filter>
    </ClInclude>
    <ClInclude Include="game\CBmx.h">
      <Filter>Исходные файлы\game</Filter>
    </ClInclude>
    <ClInclude Include="game\CBoat.h">
      <Filter>Исходные файлы\game</Filter>
    </ClInclude>
    <ClInclude Include="game\CBouncingPanel.h">
      <Filter>Исходные файлы\game</Filter>
    </ClInclude>
    <ClInclude Include="game\CBoundingBox.h">
      <Filter>Исходные файлы\game</Filter>
    </ClInclude>
    <ClInclude Include="game\CBox.h">
      <Filter>Исходные файлы\game</Filter>
    </ClInclude>
    <ClInclude Include="game\CBrightLights.h">
      <Filter>Исходные файлы\game</Filter>
    </ClInclude>
    <ClInclude Include="game\CBuilding.h">
      <Filter>Исходные файлы\game</Filter>
    </ClInclude>
    <ClInclude Include="game\CBulletInfo.h">
      <Filter>Исходные файлы\game</Filter>
    </ClInclude>
    <ClInclude Include="game\CBulletTrace.h">
      <Filter>Исходные файлы\game</Filter>
    </ClInclude>
    <ClInclude Include="game\CBulletTraces.h">
      <Filter>Исходные файлы\game</Filter>
    </ClInclude>
    <ClInclude Include="game\CCam.h">
      <Filter>Исходные файлы\game</Filter>
    </ClInclude>
    <ClInclude Include="game\CCamera.h">
      <Filter>Исходные файлы\game</Filter>
    </ClInclude>
    <ClInclude Include="game\CCamPathSplines.h">
      <Filter>Исходные файлы\game</Filter>
    </ClInclude>
    <ClInclude Include="game\CCarAI.h">
      <Filter>Исходные файлы\game</Filter>
    </ClInclude>
    <ClInclude Include="game\CCarCtrl.h">
      <Filter>Исходные файлы\game</Filter>
    </ClInclude>
    <ClInclude Include="game\CCarEnterExit.h">
      <Filter>Исходные файлы\game</Filter>
    </ClInclude>
    <ClInclude Include="game\CCarGenerator.h">
      <Filter>Исходные файлы\game</Filter>
    </ClInclude>
    <ClInclude Include="game\CCheat.h">
      <Filter>Исходные файлы\game</Filter>
    </ClInclude>
    <ClInclude Include="game\CCheckpoint.h">
      <Filter>Исходные файлы\game</Filter>
    </ClInclude>
    <ClInclude Include="game\CCheckpoints.h">
      <Filter>Исходные файлы\game</Filter>
    </ClInclude>
    <ClInclude Include="game\CCivilianPed.h">
      <Filter>Исходные файлы\game</Filter>
    </ClInclude>
    <ClInclude Include="game\CClock.h">
      <Filter>Исходные файлы\game</Filter>
    </ClInclude>
    <ClInclude Include="game\CClothes.h">
      <Filter>Исходные файлы\game</Filter>
    </ClInclude>
    <ClInclude Include="game\CClothesBuilder.h">
      <Filter>Исходные файлы\game</Filter>
    </ClInclude>
    <ClInclude Include="game\CClouds.h">
      <Filter>Исходные файлы\game</Filter>
    </ClInclude>
    <ClInclude Include="game\CClumpModelInfo.h">
      <Filter>Исходные файлы\game</Filter>
    </ClInclude>
    <ClInclude Include="game\CColBox.h">
      <Filter>Исходные файлы\game</Filter>
    </ClInclude>
    <ClInclude Include="game\CColDisk.h">
      <Filter>Исходные файлы\game</Filter>
    </ClInclude>
    <ClInclude Include="game\CColLine.h">
      <Filter>Исходные файлы\game</Filter>
    </ClInclude>
    <ClInclude Include="game\CCollision.h">
      <Filter>Исходные файлы\game</Filter>
    </ClInclude>
    <ClInclude Include="game\CCollisionData.h">
      <Filter>Исходные файлы\game</Filter>
    </ClInclude>
    <ClInclude Include="game\CColModel.h">
      <Filter>Исходные файлы\game</Filter>
    </ClInclude>
    <ClInclude Include="game\CColourSet.h">
      <Filter>Исходные файлы\game</Filter>
    </ClInclude>
    <ClInclude Include="game\CColPoint.h">
      <Filter>Исходные файлы\game</Filter>
    </ClInclude>
    <ClInclude Include="game\CColSphere.h">
      <Filter>Исходные файлы\game</Filter>
    </ClInclude>
    <ClInclude Include="game\CColTriangle.h">
      <Filter>Исходные файлы\game</Filter>
    </ClInclude>
    <ClInclude Include="game\CColTrianglePlane.h">
      <Filter>Исходные файлы\game</Filter>
    </ClInclude>
    <ClInclude Include="game\CControllerConfigManager.h">
      <Filter>Исходные файлы\game</Filter>
    </ClInclude>
    <ClInclude Include="game\CCopPed.h">
      <Filter>Исходные файлы\game</Filter>
    </ClInclude>
    <ClInclude Include="game\CCoronas.h">
      <Filter>Исходные файлы\game</Filter>
    </ClInclude>
    <ClInclude Include="game\CCredits.h">
      <Filter>Исходные файлы\game</Filter>
    </ClInclude>
    <ClInclude Include="game\CCreepingFire.h">
      <Filter>Исходные файлы\game</Filter>
    </ClInclude>
    <ClInclude Include="game\CCrimeBeingQd.h">
      <Filter>Исходные файлы\game</Filter>
    </ClInclude>
    <ClInclude Include="game\CCustomCarEnvMapPipeline.h">
      <Filter>Исходные файлы\game</Filter>
    </ClInclude>
    <ClInclude Include="game\CCustomCarPlateMgr.h">
      <Filter>Исходные файлы\game</Filter>
    </ClInclude>
    <ClInclude Include="game\CCutsceneMgr.h">
      <Filter>Исходные файлы\game</Filter>
    </ClInclude>
    <ClInclude Include="game\CCutsceneObject.h">
      <Filter>Исходные файлы\game</Filter>
    </ClInclude>
    <ClInclude Include="game\CDamageManager.h">
      <Filter>Исходные файлы\game</Filter>
    </ClInclude>
    <ClInclude Include="game\CDarkel.h">
      <Filter>Исходные файлы\game</Filter>
    </ClInclude>
    <ClInclude Include="game\CDecision.h">
      <Filter>Исходные файлы\game</Filter>
    </ClInclude>
    <ClInclude Include="game\CDecisionMaker.h">
      <Filter>Исходные файлы\game</Filter>
    </ClInclude>
    <ClInclude Include="game\CDecisionSimple.h">
      <Filter>Исходные файлы\game</Filter>
    </ClInclude>
    <ClInclude Include="game\CDirectory.h">
      <Filter>Исходные файлы\game</Filter>
    </ClInclude>
    <ClInclude Include="game\CDoor.h">
      <Filter>Исходные файлы\game</Filter>
    </ClInclude>
    <ClInclude Include="game\CDraw.h">
      <Filter>Исходные файлы\game</Filter>
    </ClInclude>
    <ClInclude Include="game\CDummy.h">
      <Filter>Исходные файлы\game</Filter>
    </ClInclude>
    <ClInclude Include="game\CDummyObject.h">
      <Filter>Исходные файлы\game</Filter>
    </ClInclude>
    <ClInclude Include="game\CDummyPed.h">
      <Filter>Исходные файлы\game</Filter>
    </ClInclude>
    <ClInclude Include="game\CEmergencyPed.h">
      <Filter>Исходные файлы\game</Filter>
    </ClInclude>
    <ClInclude Include="game\CEntity.h">
      <Filter>Исходные файлы\game</Filter>
    </ClInclude>
    <ClInclude Include="game\CEntityScanner.h">
      <Filter>Исходные файлы\game</Filter>
    </ClInclude>
    <ClInclude Include="game\CEntryExit.h">
      <Filter>Исходные файлы\game</Filter>
    </ClInclude>
    <ClInclude Include="game\CEntryExitManager.h">
      <Filter>Исходные файлы\game</Filter>
    </ClInclude>
    <ClInclude Include="game\CEventGroup.h">
      <Filter>Исходные файлы\game</Filter>
    </ClInclude>
    <ClInclude Include="game\CEventHandler.h">
      <Filter>Исходные файлы\game</Filter>
    </ClInclude>
    <ClInclude Include="game\CEventScanner.h">
      <Filter>Исходные файлы\game</Filter>
    </ClInclude>
    <ClInclude Include="game\CExplosion.h">
      <Filter>Исходные файлы\game</Filter>
    </ClInclude>
    <ClInclude Include="game\CFileLoader.h">
      <Filter>Исходные файлы\game</Filter>
    </ClInclude>
    <ClInclude Include="game\CFileMgr.h">
      <Filter>Исходные файлы\game</Filter>
    </ClInclude>
    <ClInclude Include="game\CFileObjectInstance.h">
      <Filter>Исходные файлы\game</Filter>
    </ClInclude>
    <ClInclude Include="game\CFire.h">
      <Filter>Исходные файлы\game</Filter>
    </ClInclude>
    <ClInclude Include="game\CFireManager.h">
      <Filter>Исходные файлы\game</Filter>
    </ClInclude>
    <ClInclude Include="game\CFont.h">
      <Filter>Исходные файлы\game</Filter>
    </ClInclude>
    <ClInclude Include="game\CGame.h">
      <Filter>Исходные файлы\game</Filter>
    </ClInclude>
    <ClInclude Include="game\CGamma.h">
      <Filter>Исходные файлы\game</Filter>
    </ClInclude>
    <ClInclude Include="game\CGarages.h">
      <Filter>Исходные файлы\game</Filter>
    </ClInclude>
    <ClInclude Include="game\CGeneral.h">
      <Filter>Исходные файлы\game</Filter>
    </ClInclude>
    <ClInclude Include="game\cHandlingDataMgr.h">
      <Filter>Исходные файлы\game</Filter>
    </ClInclude>
    <ClInclude Include="game\CHandObject.h">
      <Filter>Исходные файлы\game</Filter>
    </ClInclude>
    <ClInclude Include="game\CHeli.h">
      <Filter>Исходные файлы\game</Filter>
    </ClInclude>
    <ClInclude Include="game\CHud.h">
      <Filter>Исходные файлы\game</Filter>
    </ClInclude>
    <ClInclude Include="game\CHudColours.h">
      <Filter>Исходные файлы\game</Filter>
    </ClInclude>
    <ClInclude Include="game\CIniFile.h">
      <Filter>Исходные файлы\game</Filter>
    </ClInclude>
    <ClInclude Include="game\CIplStore.h">
      <Filter>Исходные файлы\game</Filter>
    </ClInclude>
    <ClInclude Include="game\CKeyGen.h">
      <Filter>Исходные файлы\game</Filter>
    </ClInclude>
    <ClInclude Include="game\CLink.h">
      <Filter>Исходные файлы\game</Filter>
    </ClInclude>
    <ClInclude Include="game\CLinkList.h">
      <Filter>Исходные файлы\game</Filter>
    </ClInclude>
    <ClInclude Include="game\CLoadedCarGroup.h">
      <Filter>Исходные файлы\game</Filter>
    </ClInclude>
    <ClInclude Include="game\CLoadingScreen.h">
      <Filter>Исходные файлы\game</Filter>
    </ClInclude>
    <ClInclude Include="game\CLocalisation.h">
      <Filter>Исходные файлы\game</Filter>
    </ClInclude>
    <ClInclude Include="game\CMatrix.h">
      <Filter>Исходные файлы\game</Filter>
    </ClInclude>
    <ClInclude Include="game\CMatrixLink.h">
      <Filter>Исходные файлы\game</Filter>
    </ClInclude>
    <ClInclude Include="game\CMenuManager.h">
      <Filter>Исходные файлы\game</Filter>
    </ClInclude>
    <ClInclude Include="game\CMenuSystem.h">
      <Filter>Исходные файлы\game</Filter>
    </ClInclude>
    <ClInclude Include="game\CMessages.h">
      <Filter>Исходные файлы\game</Filter>
    </ClInclude>
    <ClInclude Include="game\CMirrors.h">
      <Filter>Исходные файлы\game</Filter>
    </ClInclude>
    <ClInclude Include="game\CMissionCleanup.h">
      <Filter>Исходные файлы\game</Filter>
    </ClInclude>
    <ClInclude Include="game\CModelInfo.h">
      <Filter>Исходные файлы\game</Filter>
    </ClInclude>
    <ClInclude Include="game\CModelInfoAccelerator.h">
      <Filter>Исходные файлы\game</Filter>
    </ClInclude>
    <ClInclude Include="game\CMonsterTruck.h">
      <Filter>Исходные файлы\game</Filter>
    </ClInclude>
    <ClInclude Include="game\CMotionBlurStreaks.h">
      <Filter>Исходные файлы\game</Filter>
    </ClInclude>
    <ClInclude Include="game\CNodeAddress.h">
      <Filter>Исходные файлы\game</Filter>
    </ClInclude>
    <ClInclude Include="game\CObject.h">
      <Filter>Исходные файлы\game</Filter>
    </ClInclude>
    <ClInclude Include="game\CObjectInfo.h">
      <Filter>Исходные файлы\game</Filter>
    </ClInclude>
    <ClInclude Include="game\COctTree.h">
      <Filter>Исходные файлы\game</Filter>
    </ClInclude>
    <ClInclude Include="game\COctTreeBase.h">
      <Filter>Исходные файлы\game</Filter>
    </ClInclude>
    <ClInclude Include="game\common.h">
      <Filter>Исходные файлы\game</Filter>
    </ClInclude>
    <ClInclude Include="game\CompressedVector.h">
      <Filter>Исходные файлы\game</Filter>
    </ClInclude>
    <ClInclude Include="game\COnscreenTimer.h">
      <Filter>Исходные файлы\game</Filter>
    </ClInclude>
    <ClInclude Include="game\CPad.h">
      <Filter>Исходные файлы\game</Filter>
    </ClInclude>
    <ClInclude Include="game\CPathFind.h">
      <Filter>Исходные файлы\game</Filter>
    </ClInclude>
    <ClInclude Include="game\CPed.h">
      <Filter>Исходные файлы\game</Filter>
    </ClInclude>
    <ClInclude Include="game\CPedAcquaintance.h">
      <Filter>Исходные файлы\game</Filter>
    </ClInclude>
    <ClInclude Include="game\CPedClothesDesc.h">
      <Filter>Исходные файлы\game</Filter>
    </ClInclude>
    <ClInclude Include="game\CPedIK.h">
      <Filter>Исходные файлы\game</Filter>
    </ClInclude>
    <ClInclude Include="game\CPedIntelligence.h">
      <Filter>Исходные файлы\game</Filter>
    </ClInclude>
    <ClInclude Include="game\CPedModelInfo.h">
      <Filter>Исходные файлы\game</Filter>
    </ClInclude>
    <ClInclude Include="game\CPhysical.h">
      <Filter>Исходные файлы\game</Filter>
    </ClInclude>
    <ClInclude Include="game\CPickup.h">
      <Filter>Исходные файлы\game</Filter>
    </ClInclude>
    <ClInclude Include="game\CPickups.h">
      <Filter>Исходные файлы\game</Filter>
    </ClInclude>
    <ClInclude Include="game\CPlaceable.h">
      <Filter>Исходные файлы\game</Filter>
    </ClInclude>
    <ClInclude Include="game\CPlane.h">
      <Filter>Исходные файлы\game</Filter>
    </ClInclude>
    <ClInclude Include="game\CPlaneTrail.h">
      <Filter>Исходные файлы\game</Filter>
    </ClInclude>
    <ClInclude Include="game\CPlaneTrails.h">
      <Filter>Исходные файлы\game</Filter>
    </ClInclude>
    <ClInclude Include="game\CPlayerData.h">
      <Filter>Исходные файлы\game</Filter>
    </ClInclude>
    <ClInclude Include="game\CPlayerInfo.h">
      <Filter>Исходные файлы\game</Filter>
    </ClInclude>
    <ClInclude Include="game\CPlayerPed.h">
      <Filter>Исходные файлы\game</Filter>
    </ClInclude>
    <ClInclude Include="game\CPointLights.h">
      <Filter>Исходные файлы\game</Filter>
    </ClInclude>
    <ClInclude Include="game\CPolyBunch.h">
      <Filter>Исходные файлы\game</Filter>
    </ClInclude>
    <ClInclude Include="game\CPool.h">
      <Filter>Исходные файлы\game</Filter>
    </ClInclude>
    <ClInclude Include="game\CPools.h">
      <Filter>Исходные файлы\game</Filter>
    </ClInclude>
    <ClInclude Include="game\CPopCycle.h">
      <Filter>Исходные файлы\game</Filter>
    </ClInclude>
    <ClInclude Include="game\CPopulation.h">
      <Filter>Исходные файлы\game</Filter>
    </ClInclude>
    <ClInclude Include="game\CProjectile.h">
      <Filter>Исходные файлы\game</Filter>
    </ClInclude>
    <ClInclude Include="game\CProjectileInfo.h">
      <Filter>Исходные файлы\game</Filter>
    </ClInclude>
    <ClInclude Include="game\CPtrList.h">
      <Filter>Исходные файлы\game</Filter>
    </ClInclude>
    <ClInclude Include="game\CPtrListDoubleLink.h">
      <Filter>Исходные файлы\game</Filter>
    </ClInclude>
    <ClInclude Include="game\CPtrListSingleLink.h">
      <Filter>Исходные файлы\game</Filter>
    </ClInclude>
    <ClInclude Include="game\CPtrNode.h">
      <Filter>Исходные файлы\game</Filter>
    </ClInclude>
    <ClInclude Include="game\CPtrNodeDoubleLink.h">
      <Filter>Исходные файлы\game</Filter>
    </ClInclude>
    <ClInclude Include="game\CPtrNodeSingleLink.h">
      <Filter>Исходные файлы\game</Filter>
    </ClInclude>
    <ClInclude Include="game\CQuadBike.h">
      <Filter>Исходные файлы\game</Filter>
    </ClInclude>
    <ClInclude Include="game\CQuadTreeNode.h">
      <Filter>Исходные файлы\game</Filter>
    </ClInclude>
    <ClInclude Include="game\CQuaternion.h">
      <Filter>Исходные файлы\game</Filter>
    </ClInclude>
    <ClInclude Include="game\CQueuedMode.h">
      <Filter>Исходные файлы\game</Filter>
    </ClInclude>
    <ClInclude Include="game\CRadar.h">
      <Filter>Исходные файлы\game</Filter>
    </ClInclude>
    <ClInclude Include="game\CRealTimeShadow.h">
      <Filter>Исходные файлы\game</Filter>
    </ClInclude>
    <ClInclude Include="game\CRect.h">
      <Filter>Исходные файлы\game</Filter>
    </ClInclude>
    <ClInclude Include="game\CReference.h">
      <Filter>Исходные файлы\game</Filter>
    </ClInclude>
    <ClInclude Include="game\CReferences.h">
      <Filter>Исходные файлы\game</Filter>
    </ClInclude>
    <ClInclude Include="game\CRegisteredCorona.h">
      <Filter>Исходные файлы\game</Filter>
    </ClInclude>
    <ClInclude Include="game\CRegisteredMotionBlurStreak.h">
      <Filter>Исходные файлы\game</Filter>
    </ClInclude>
    <ClInclude Include="game\CRenderer.h">
      <Filter>Исходные файлы\game</Filter>
    </ClInclude>
    <ClInclude Include="game\CRepeatSector.h">
      <Filter>Исходные файлы\game</Filter>
    </ClInclude>
    <ClInclude Include="game\CRestart.h">
      <Filter>Исходные файлы\game</Filter>
    </ClInclude>
    <ClInclude Include="game\CRGBA.h">
      <Filter>Исходные файлы\game</Filter>
    </ClInclude>
    <ClInclude Include="game\CRideAnimData.h">
      <Filter>Исходные файлы\game</Filter>
    </ClInclude>
    <ClInclude Include="game\CRope.h">
      <Filter>Исходные файлы\game</Filter>
    </ClInclude>
    <ClInclude Include="game\CRopes.h">
      <Filter>Исходные файлы\game</Filter>
    </ClInclude>
    <ClInclude Include="game\CRunningScript.h">
      <Filter>Исходные файлы\game</Filter>
    </ClInclude>
    <ClInclude Include="game\CScene.h">
      <Filter>Исходные файлы\game</Filter>
    </ClInclude>
    <ClInclude Include="game\CSector.h">
      <Filter>Исходные файлы\game</Filter>
    </ClInclude>
    <ClInclude Include="game\CSetPiece.h">
      <Filter>Исходные файлы\game</Filter>
    </ClInclude>
    <ClInclude Include="game\CSetPieces.h">
      <Filter>Исходные файлы\game</Filter>
    </ClInclude>
    <ClInclude Include="game\CShadowCamera.h">
      <Filter>Исходные файлы\game</Filter>
    </ClInclude>
    <ClInclude Include="game\CShadows.h">
      <Filter>Исходные файлы\game</Filter>
    </ClInclude>
    <ClInclude Include="game\CShinyTexts.h">
      <Filter>Исходные файлы\game</Filter>
    </ClInclude>
    <ClInclude Include="game\CShotInfo.h">
      <Filter>Исходные файлы\game</Filter>
    </ClInclude>
    <ClInclude Include="game\CSimpleTransform.h">
      <Filter>Исходные файлы\game</Filter>
    </ClInclude>
    <ClInclude Include="game\CSpecialFX.h">
      <Filter>Исходные файлы\game</Filter>
    </ClInclude>
    <ClInclude Include="game\CSpecialPlateHandler.h">
      <Filter>Исходные файлы\game</Filter>
    </ClInclude>
    <ClInclude Include="game\CSphere.h">
      <Filter>Исходные файлы\game</Filter>
    </ClInclude>
    <ClInclude Include="game\CSprite.h">
      <Filter>Исходные файлы\game</Filter>
    </ClInclude>
    <ClInclude Include="game\CSprite2d.h">
      <Filter>Исходные файлы\game</Filter>
    </ClInclude>
    <ClInclude Include="game\CStats.h">
      <Filter>Исходные файлы\game</Filter>
    </ClInclude>
    <ClInclude Include="game\CStore.h">
      <Filter>Исходные файлы\game</Filter>
    </ClInclude>
    <ClInclude Include="game\CStoredCollPoly.h">
      <Filter>Исходные файлы\game</Filter>
    </ClInclude>
    <ClInclude Include="game\CStreaming.h">
      <Filter>Исходные файлы\game</Filter>
    </ClInclude>
    <ClInclude Include="game\CStreamingInfo.h">
      <Filter>Исходные файлы\game</Filter>
    </ClInclude>
    <ClInclude Include="game\CTask.h">
      <Filter>Исходные файлы\game</Filter>
    </ClInclude>
    <ClInclude Include="game\CTaskComplex.h">
      <Filter>Исходные файлы\game</Filter>
    </ClInclude>
    <ClInclude Include="game\CTaskComplexCopInCar.h">
      <Filter>Исходные файлы\game</Filter>
    </ClInclude>
    <ClInclude Include="game\CTaskComplexDie.h">
      <Filter>Исходные файлы\game</Filter>
    </ClInclude>
    <ClInclude Include="game\CTaskComplexEnterBoatAsDriver.h">
      <Filter>Исходные файлы\game</Filter>
    </ClInclude>
    <ClInclude Include="game\CTaskComplexEnterCar.h">
      <Filter>Исходные файлы\game</Filter>
    </ClInclude>
    <ClInclude Include="game\CTaskComplexEnterCarAsDriver.h">
      <Filter>Исходные файлы\game</Filter>
    </ClInclude>
    <ClInclude Include="game\CTaskComplexEnterCarAsPassenger.h">
      <Filter>Исходные файлы\game</Filter>
    </ClInclude>
    <ClInclude Include="game\CTaskComplexFacial.h">
      <Filter>Исходные файлы\game</Filter>
    </ClInclude>
    <ClInclude Include="game\CTaskComplexKillPedFromBoat.h">
      <Filter>Исходные файлы\game</Filter>
    </ClInclude>
    <ClInclude Include="game\CTaskComplexKillPedOnFoot.h">
      <Filter>Исходные файлы\game</Filter>
    </ClInclude>
    <ClInclude Include="game\CTaskComplexLeaveCar.h">
      <Filter>Исходные файлы\game</Filter>
    </ClInclude>
    <ClInclude Include="game\CTaskComplexPlayHandSignalAnim.h">
      <Filter>Исходные файлы\game</Filter>
    </ClInclude>
    <ClInclude Include="game\CTaskComplexProstituteSolicit.h">
      <Filter>Исходные файлы\game</Filter>
    </ClInclude>
    <ClInclude Include="game\CTaskComplexSunbathe.h">
      <Filter>Исходные файлы\game</Filter>
    </ClInclude>
    <ClInclude Include="game\CTaskComplexUseMobilePhone.h">
      <Filter>Исходные файлы\game</Filter>
    </ClInclude>
    <ClInclude Include="game\CTaskComplexWander.h">
      <Filter>Исходные файлы\game</Filter>
    </ClInclude>
    <ClInclude Include="game\CTaskComplexWanderStandard.h">
      <Filter>Исходные файлы\game</Filter>
    </ClInclude>
    <ClInclude Include="game\CTaskManager.h">
      <Filter>Исходные файлы\game</Filter>
    </ClInclude>
    <ClInclude Include="game\CTaskSimple.h">
      <Filter>Исходные файлы\game</Filter>
    </ClInclude>
    <ClInclude Include="game\CTaskSimpleAnim.h">
      <Filter>Исходные файлы\game</Filter>
    </ClInclude>
    <ClInclude Include="game\CTaskSimpleCarSetPedInAsDriver.h">
      <Filter>Исходные файлы\game</Filter>
    </ClInclude>
    <ClInclude Include="game\CTaskSimpleCarSetPedInAsPassenger.h">
      <Filter>Исходные файлы\game</Filter>
    </ClInclude>
    <ClInclude Include="game\CTaskSimpleCarSetPedOut.h">
      <Filter>Исходные файлы\game</Filter>
    </ClInclude>
    <ClInclude Include="game\CTaskSimpleChoking.h">
      <Filter>Исходные файлы\game</Filter>
    </ClInclude>
    <ClInclude Include="game\CTaskSimpleClimb.h">
      <Filter>Исходные файлы\game</Filter>
    </ClInclude>
    <ClInclude Include="game\CTaskSimpleDuck.h">
      <Filter>Исходные файлы\game</Filter>
    </ClInclude>
    <ClInclude Include="game\CTaskSimpleFacial.h">
      <Filter>Исходные файлы\game</Filter>
    </ClInclude>
    <ClInclude Include="game\CTaskSimpleFight.h">
      <Filter>Исходные файлы\game</Filter>
    </ClInclude>
    <ClInclude Include="game\CTaskSimpleGangDriveBy.h">
      <Filter>Исходные файлы\game</Filter>
    </ClInclude>
    <ClInclude Include="game\CTaskSimpleHoldEntity.h">
      <Filter>Исходные файлы\game</Filter>
    </ClInclude>
    <ClInclude Include="game\CTaskSimpleIKChain.h">
      <Filter>Исходные файлы\game</Filter>
    </ClInclude>
    <ClInclude Include="game\CTaskSimpleIKLookAt.h">
      <Filter>Исходные файлы\game</Filter>
    </ClInclude>
    <ClInclude Include="game\CTaskSimpleIKManager.h">
      <Filter>Исходные файлы\game</Filter>
    </ClInclude>
    <ClInclude Include="game\CTaskSimpleInAir.h">
      <Filter>Исходные файлы\game</Filter>
    </ClInclude>
    <ClInclude Include="game\CTaskSimpleJetpack.h">
      <Filter>Исходные файлы\game</Filter>
    </ClInclude>
    <ClInclude Include="game\CTaskSimplePlayerOnFoot.h">
      <Filter>Исходные файлы\game</Filter>
    </ClInclude>
    <ClInclude Include="game\CTaskSimpleRunAnim.h">
      <Filter>Исходные файлы\game</Filter>
    </ClInclude>
    <ClInclude Include="game\CTaskSimpleRunNamedAnim.h">
      <Filter>Исходные файлы\game</Filter>
    </ClInclude>
    <ClInclude Include="game\CTaskSimpleStandStill.h">
      <Filter>Исходные файлы\game</Filter>
    </ClInclude>
    <ClInclude Include="game\CTaskSimpleStealthKill.h">
      <Filter>Исходные файлы\game</Filter>
    </ClInclude>
    <ClInclude Include="game\CTaskSimpleSwim.h">
      <Filter>Исходные файлы\game</Filter>
    </ClInclude>
    <ClInclude Include="game\CTaskSimpleThrowProjectile.h">
      <Filter>Исходные файлы\game</Filter>
    </ClInclude>
    <ClInclude Include="game\CTaskSimpleTriggerLookAt.h">
      <Filter>Исходные файлы\game</Filter>
    </ClInclude>
    <ClInclude Include="game\CTaskSimpleUseGun.h">
      <Filter>Исходные файлы\game</Filter>
    </ClInclude>
    <ClInclude Include="game\CTaskTimer.h">
      <Filter>Исходные файлы\game</Filter>
    </ClInclude>
    <ClInclude Include="game\CTaskUtilityLineUpPedWithCar.h">
      <Filter>Исходные файлы\game</Filter>
    </ClInclude>
    <ClInclude Include="game\CText.h">
      <Filter>Исходные файлы\game</Filter>
    </ClInclude>
    <ClInclude Include="game\CTheCarGenerators.h">
      <Filter>Исходные файлы\game</Filter>
    </ClInclude>
    <ClInclude Include="game\CTheScripts.h">
      <Filter>Исходные файлы\game</Filter>
    </ClInclude>
    <ClInclude Include="game\CTheZones.h">
      <Filter>Исходные файлы\game</Filter>
    </ClInclude>
    <ClInclude Include="game\CTimeCycle.h">
      <Filter>Исходные файлы\game</Filter>
    </ClInclude>
    <ClInclude Include="game\CTimeCycleBox.h">
      <Filter>Исходные файлы\game</Filter>
    </ClInclude>
    <ClInclude Include="game\CTimeModelInfo.h">
      <Filter>Исходные файлы\game</Filter>
    </ClInclude>
    <ClInclude Include="game\CTimer.h">
      <Filter>Исходные файлы\game</Filter>
    </ClInclude>
    <ClInclude Include="game\CTrailer.h">
      <Filter>Исходные файлы\game</Filter>
    </ClInclude>
    <ClInclude Include="game\CTrain.h">
      <Filter>Исходные файлы\game</Filter>
    </ClInclude>
    <ClInclude Include="game\CTrainNode.h">
      <Filter>Исходные файлы\game</Filter>
    </ClInclude>
    <ClInclude Include="game\cTransmission.h">
      <Filter>Исходные файлы\game</Filter>
    </ClInclude>
    <ClInclude Include="game\CTxdStore.h">
      <Filter>Исходные файлы\game</Filter>
    </ClInclude>
    <ClInclude Include="game\CUserDisplay.h">
      <Filter>Исходные файлы\game</Filter>
    </ClInclude>
    <ClInclude Include="game\CVector.h">
      <Filter>Исходные файлы\game</Filter>
    </ClInclude>
    <ClInclude Include="game\CVector2D.h">
      <Filter>Исходные файлы\game</Filter>
    </ClInclude>
    <ClInclude Include="game\CVehicle.h">
      <Filter>Исходные файлы\game</Filter>
    </ClInclude>
    <ClInclude Include="game\CVehicleModelInfo.h">
      <Filter>Исходные файлы\game</Filter>
    </ClInclude>
    <ClInclude Include="game\CVisibilityPlugins.h">
      <Filter>Исходные файлы\game</Filter>
    </ClInclude>
    <ClInclude Include="game\CWanted.h">
      <Filter>Исходные файлы\game</Filter>
    </ClInclude>
    <ClInclude Include="game\CWeapon.h">
      <Filter>Исходные файлы\game</Filter>
    </ClInclude>
    <ClInclude Include="game\CWeaponEffects.h">
      <Filter>Исходные файлы\game</Filter>
    </ClInclude>
    <ClInclude Include="game\CWeaponInfo.h">
      <Filter>Исходные файлы\game</Filter>
    </ClInclude>
    <ClInclude Include="game\CWeaponModelInfo.h">
      <Filter>Исходные файлы\game</Filter>
    </ClInclude>
    <ClInclude Include="game\CWeather.h">
      <Filter>Исходные файлы\game</Filter>
    </ClInclude>
    <ClInclude Include="game\CWorld.h">
      <Filter>Исходные файлы\game</Filter>
    </ClInclude>
    <ClInclude Include="game\CZone.h">
      <Filter>Исходные файлы\game</Filter>
    </ClInclude>
    <ClInclude Include="game\CZoneInfo.h">
      <Filter>Исходные файлы\game</Filter>
    </ClInclude>
    <ClInclude Include="game\D3DIndexDataBuffer.h">
      <Filter>Исходные файлы\game</Filter>
    </ClInclude>
    <ClInclude Include="game\D3DResourceSystem.h">
      <Filter>Исходные файлы\game</Filter>
    </ClInclude>
    <ClInclude Include="game\D3DTextureBuffer.h">
      <Filter>Исходные файлы\game</Filter>
    </ClInclude>
    <ClInclude Include="game\eAudioEvents.h">
      <Filter>Исходные файлы\game</Filter>
    </ClInclude>
    <ClInclude Include="game\eCamMode.h">
      <Filter>Исходные файлы\game</Filter>
    </ClInclude>
    <ClInclude Include="game\eClothesModelPart.h">
      <Filter>Исходные файлы\game</Filter>
    </ClInclude>
    <ClInclude Include="game\eClothesTexturePart.h">
      <Filter>Исходные файлы\game</Filter>
    </ClInclude>
    <ClInclude Include="game\eCopType.h">
      <Filter>Исходные файлы\game</Filter>
    </ClInclude>
    <ClInclude Include="game\eCrimeType.h">
      <Filter>Исходные файлы\game</Filter>
    </ClInclude>
    <ClInclude Include="game\eDecisionMakerEvents.h">
      <Filter>Исходные файлы\game</Filter>
    </ClInclude>
    <ClInclude Include="game\eEntityStatus.h">
      <Filter>Исходные файлы\game</Filter>
    </ClInclude>
    <ClInclude Include="game\eEntityType.h">
      <Filter>Исходные файлы\game</Filter>
    </ClInclude>
    <ClInclude Include="game\eEventType.h">
      <Filter>Исходные файлы\game</Filter>
    </ClInclude>
    <ClInclude Include="game\eModelID.h">
      <Filter>Исходные файлы\game</Filter>
    </ClInclude>
    <ClInclude Include="game\ePadButtons.h">
      <Filter>Исходные файлы\game</Filter>
    </ClInclude>
    <ClInclude Include="game\ePedAnims.h">
      <Filter>Исходные файлы\game</Filter>
    </ClInclude>
    <ClInclude Include="game\ePedBones.h">
      <Filter>Исходные файлы\game</Filter>
    </ClInclude>
    <ClInclude Include="game\ePedModel.h">
      <Filter>Исходные файлы\game</Filter>
    </ClInclude>
    <ClInclude Include="game\ePedPieceTypes.h">
      <Filter>Исходные файлы\game</Filter>
    </ClInclude>
    <ClInclude Include="game\ePedState.h">
      <Filter>Исходные файлы\game</Filter>
    </ClInclude>
    <ClInclude Include="game\ePedType.h">
      <Filter>Исходные файлы\game</Filter>
    </ClInclude>
    <ClInclude Include="game\eScriptCommands.h">
      <Filter>Исходные файлы\game</Filter>
    </ClInclude>
    <ClInclude Include="game\eSprintType.h">
      <Filter>Исходные файлы\game</Filter>
    </ClInclude>
    <ClInclude Include="game\eStatModAbilities.h">
      <Filter>Исходные файлы\game</Filter>
    </ClInclude>
    <ClInclude Include="game\eStats.h">
      <Filter>Исходные файлы\game</Filter>
    </ClInclude>
    <ClInclude Include="game\eStatsReactions.h">
      <Filter>Исходные файлы\game</Filter>
    </ClInclude>
    <ClInclude Include="game\eSurfaceType.h">
      <Filter>Исходные файлы\game</Filter>
    </ClInclude>
    <ClInclude Include="game\eTaskType.h">
      <Filter>Исходные файлы\game</Filter>
    </ClInclude>
    <ClInclude Include="game\eVehicleHandlingFlags.h">
      <Filter>Исходные файлы\game</Filter>
    </ClInclude>
    <ClInclude Include="game\eVehicleHandlingModelFlags.h">
      <Filter>Исходные файлы\game</Filter>
    </ClInclude>
    <ClInclude Include="game\eWeaponFire.h">
      <Filter>Исходные файлы\game</Filter>
    </ClInclude>
    <ClInclude Include="game\eWeaponFlags.h">
      <Filter>Исходные файлы\game</Filter>
    </ClInclude>
    <ClInclude Include="game\eWeaponModel.h">
      <Filter>Исходные файлы\game</Filter>
    </ClInclude>
    <ClInclude Include="game\eWeaponType.h">
      <Filter>Исходные файлы\game</Filter>
    </ClInclude>
    <ClInclude Include="game\eWinchType.h">
      <Filter>Исходные файлы\game</Filter>
    </ClInclude>
    <ClInclude Include="game\Fx_c.h">
      <Filter>Исходные файлы\game</Filter>
    </ClInclude>
    <ClInclude Include="game\FxBox_c.h">
      <Filter>Исходные файлы\game</Filter>
    </ClInclude>
    <ClInclude Include="game\FxEmitterBP_c.h">
      <Filter>Исходные файлы\game</Filter>
    </ClInclude>
    <ClInclude Include="game\FxFrustumInfo_c.h">
      <Filter>Исходные файлы\game</Filter>
    </ClInclude>
    <ClInclude Include="game\FxInfoManager_c.h">
      <Filter>Исходные файлы\game</Filter>
    </ClInclude>
    <ClInclude Include="game\FxManager_c.h">
      <Filter>Исходные файлы\game</Filter>
    </ClInclude>
    <ClInclude Include="game\FxMemoryPool_c.h">
      <Filter>Исходные файлы\game</Filter>
    </ClInclude>
    <ClInclude Include="game\FxPlane_c.h">
      <Filter>Исходные файлы\game</Filter>
    </ClInclude>
    <ClInclude Include="game\FxPrimBP_c.h">
      <Filter>Исходные файлы\game</Filter>
    </ClInclude>
    <ClInclude Include="game\FxPrtMult_c.h">
      <Filter>Исходные файлы\game</Filter>
    </ClInclude>
    <ClInclude Include="game\FxSphere_c.h">
      <Filter>Исходные файлы\game</Filter>
    </ClInclude>
    <ClInclude Include="game\FxSystem_c.h">
      <Filter>Исходные файлы\game</Filter>
    </ClInclude>
    <ClInclude Include="game\FxSystemBP_c.h">
      <Filter>Исходные файлы\game</Filter>
    </ClInclude>
    <ClInclude Include="game\IplDef.h">
      <Filter>Исходные файлы\game</Filter>
    </ClInclude>
    <ClInclude Include="game\JPegCompress.h">
      <Filter>Исходные файлы\game</Filter>
    </ClInclude>
    <ClInclude Include="game\List_c.h">
      <Filter>Исходные файлы\game</Filter>
    </ClInclude>
    <ClInclude Include="game\ListItem_c.h">
      <Filter>Исходные файлы\game</Filter>
    </ClInclude>
    <ClInclude Include="game\NodeName.h">
      <Filter>Исходные файлы\game</Filter>
    </ClInclude>
    <ClInclude Include="game\PipelinePlugin.h">
      <Filter>Исходные файлы\game</Filter>
    </ClInclude>
    <ClInclude Include="game\PluginBase.h">
      <Filter>Исходные файлы\game</Filter>
    </ClInclude>
    <ClInclude Include="game\RenderWare.h">
      <Filter>Исходные файлы\game</Filter>
    </ClInclude>
    <ClInclude Include="game\RpHAnimBlendInterpFrame.h">
      <Filter>Исходные файлы\game</Filter>
    </ClInclude>
    <ClInclude Include="game\RwObjectNameIdAssocation.h">
      <Filter>Исходные файлы\game</Filter>
    </ClInclude>
    <ClInclude Include="game\SArray.h">
      <Filter>Исходные файлы\game</Filter>
    </ClInclude>
    <ClInclude Include="game\tBikeHandlingData.h">
      <Filter>Исходные файлы\game</Filter>
    </ClInclude>
    <ClInclude Include="game\tBinaryIplFile.h">
      <Filter>Исходные файлы\game</Filter>
    </ClInclude>
    <ClInclude Include="game\tBoatHandlingData.h">
      <Filter>Исходные файлы\game</Filter>
    </ClInclude>
    <ClInclude Include="game\tFlyingHandlingData.h">
      <Filter>Исходные файлы\game</Filter>
    </ClInclude>
    <ClInclude Include="game\tHandlingData.h">
      <Filter>Исходные файлы\game</Filter>
    </ClInclude>
    <ClInclude Include="game\tPickupMessage.h">
      <Filter>Исходные файлы\game</Filter>
    </ClInclude>
    <ClInclude Include="game\tTransmissionGear.h">
      <Filter>Исходные файлы\game</Filter>
    </ClInclude>
    <ClInclude Include="game\TxdDef.h">
      <Filter>Исходные файлы\game</Filter>
    </ClInclude>
    <ClInclude Include="game\rw\rpcriter.h">
      <Filter>Исходные файлы\game\rw</Filter>
    </ClInclude>
    <ClInclude Include="game\rw\rperror.h">
      <Filter>Исходные файлы\game\rw</Filter>
    </ClInclude>
    <ClInclude Include="game\rw\rphanim.h">
      <Filter>Исходные файлы\game\rw</Filter>
    </ClInclude>
    <ClInclude Include="game\rw\rpmatfx.h">
      <Filter>Исходные файлы\game\rw</Filter>
    </ClInclude>
    <ClInclude Include="game\rw\rpskin.h">
      <Filter>Исходные файлы\game\rw</Filter>
    </ClInclude>
    <ClInclude Include="game\rw\rpuvanim.h">
      <Filter>Исходные файлы\game\rw</Filter>
    </ClInclude>
    <ClInclude Include="game\rw\rpworld.h">
      <Filter>Исходные файлы\game\rw</Filter>
    </ClInclude>
    <ClInclude Include="game\rw\rtanim.h">
      <Filter>Исходные файлы\game\rw</Filter>
    </ClInclude>
    <ClInclude Include="game\rw\rtdict.h">
      <Filter>Исходные файлы\game\rw</Filter>
    </ClInclude>
    <ClInclude Include="game\rw\rtquat.h">
      <Filter>Исходные файлы\game\rw</Filter>
    </ClInclude>
    <ClInclude Include="game\rw\rwcore.h">
      <Filter>Исходные файлы\game\rw</Filter>
    </ClInclude>
    <ClInclude Include="game\rw\rwplcore.h">
      <Filter>Исходные файлы\game\rw</Filter>
    </ClInclude>
    <ClInclude Include="game\rw\skeleton.h">
      <Filter>Исходные файлы\game\rw</Filter>
    </ClInclude>
    <ClInclude Include="raknet\RakHook.h">
      <Filter>Исходные файлы\raknet</Filter>
    </ClInclude>
  </ItemGroup>
  <ItemGroup>
    <None Include="game\rw\errcom.def">
      <Filter>Исходные файлы\game\rw</Filter>
    </None>
    <None Include="game\rw\errcore.def">
      <Filter>Исходные файлы\game\rw</Filter>
    </None>
  </ItemGroup>
</Project>